
Microsoft Visual Studio Solution File, Format Version 12.00
# Visual Studio Version 17
VisualStudioVersion = 17.13.35825.156
MinimumVisualStudioVersion = 10.0.40219.1
Project("{8BC9CEB8-8B4A-11D0-8D11-00A0C91BC942}") = "Speech", "Speech\Speech.vcxproj", "{06D0198D-D32A-4D9D-BDD5-4FA2F4AEEA76}"
	ProjectSection(ProjectDependencies) = postProject
		{017C7960-823A-494F-B701-A507B4C18E59} = {017C7960-823A-494F-B701-A507B4C18E59}
		{70652038-552B-4F7C-B096-571880EAF9A9} = {70652038-552B-4F7C-B096-571880EAF9A9}
	EndProjectSection
EndProject
Project("{2150E333-8FDC-42A3-9474-1A3956D46DE8}") = "bin", "bin", "{36D591C7-65C7-A0D1-1CBC-10CDE441BDC8}"
EndProject
Project("{2150E333-8FDC-42A3-9474-1A3956D46DE8}") = "lib", "lib", "{2461E1DD-87A4-4045-AAC1-5CD4A889B5BA}"
EndProject
Project("{8BC9CEB8-8B4A-11D0-8D11-00A0C91BC942}") = "python_impl", "python_impl\python_impl.vcxproj", "{017C7960-823A-494F-B701-A507B4C18E59}"
EndProject
Project("{8BC9CEB8-8B4A-11D0-8D11-00A0C91BC942}") = "com_des", "com_des\com_des.vcxproj", "{70652038-552B-4F7C-B096-571880EAF9A9}"
EndProject
Global
	GlobalSection(SolutionConfigurationPlatforms) = preSolution
		Debug|x64 = Debug|x64
		Debug|x86 = Debug|x86
		Release|x64 = Release|x64
		Release|x86 = Release|x86
	EndGlobalSection
	GlobalSection(ProjectConfigurationPlatforms) = postSolution
		{06D0198D-D32A-4D9D-BDD5-4FA2F4AEEA76}.Debug|x64.ActiveCfg = Debug|x64
		{06D0198D-D32A-4D9D-BDD5-4FA2F4AEEA76}.Debug|x64.Build.0 = Debug|x64
		{06D0198D-D32A-4D9D-BDD5-4FA2F4AEEA76}.Debug|x86.ActiveCfg = Debug|Win32
		{06D0198D-D32A-4D9D-BDD5-4FA2F4AEEA76}.Debug|x86.Build.0 = Debug|Win32
		{06D0198D-D32A-4D9D-BDD5-4FA2F4AEEA76}.Release|x64.ActiveCfg = Release|x64
		{06D0198D-D32A-4D9D-BDD5-4FA2F4AEEA76}.Release|x64.Build.0 = Release|x64
		{06D0198D-D32A-4D9D-BDD5-4FA2F4AEEA76}.Release|x86.ActiveCfg = Release|Win32
		{06D0198D-D32A-4D9D-BDD5-4FA2F4AEEA76}.Release|x86.Build.0 = Release|Win32
		{017C7960-823A-494F-B701-A507B4C18E59}.Debug|x64.ActiveCfg = Debug|x64
		{017C7960-823A-494F-B701-A507B4C18E59}.Debug|x64.Build.0 = Debug|x64
		{017C7960-823A-494F-B701-A507B4C18E59}.Debug|x86.ActiveCfg = Debug|Win32
		{017C7960-823A-494F-B701-A507B4C18E59}.Debug|x86.Build.0 = Debug|Win32
		{017C7960-823A-494F-B701-A507B4C18E59}.Release|x64.ActiveCfg = Release|x64
		{017C7960-823A-494F-B701-A507B4C18E59}.Release|x64.Build.0 = Release|x64
		{017C7960-823A-494F-B701-A507B4C18E59}.Release|x86.ActiveCfg = Release|Win32
		{017C7960-823A-494F-B701-A507B4C18E59}.Release|x86.Build.0 = Release|Win32
		{70652038-552B-4F7C-B096-571880EAF9A9}.Debug|x64.ActiveCfg = Debug|x64
		{70652038-552B-4F7C-B096-571880EAF9A9}.Debug|x64.Build.0 = Debug|x64
		{70652038-552B-4F7C-B096-571880EAF9A9}.Debug|x86.ActiveCfg = Debug|Win32
		{70652038-552B-4F7C-B096-571880EAF9A9}.Debug|x86.Build.0 = Debug|Win32
		{70652038-552B-4F7C-B096-571880EAF9A9}.Release|x64.ActiveCfg = Release|x64
		{70652038-552B-4F7C-B096-571880EAF9A9}.Release|x64.Build.0 = Release|x64
		{70652038-552B-4F7C-B096-571880EAF9A9}.Release|x86.ActiveCfg = Release|Win32
		{70652038-552B-4F7C-B096-571880EAF9A9}.Release|x86.Build.0 = Release|Win32
	EndGlobalSection
	GlobalSection(SolutionProperties) = preSolution
		HideSolutionNode = FALSE
	EndGlobalSection
	GlobalSection(NestedProjects) = preSolution
		{06D0198D-D32A-4D9D-BDD5-4FA2F4AEEA76} = {36D591C7-65C7-A0D1-1CBC-10CDE441BDC8}
		{017C7960-823A-494F-B701-A507B4C18E59} = {2461E1DD-87A4-4045-AAC1-5CD4A889B5BA}
		{70652038-552B-4F7C-B096-571880EAF9A9} = {2461E1DD-87A4-4045-AAC1-5CD4A889B5BA}
	EndGlobalSection
	GlobalSection(ExtensibilityGlobals) = postSolution
		SolutionGuid = {31E8DC94-0853-403F-B687-49336A9BB06A}
	EndGlobalSection
EndGlobal
